{
    "version": 3,
    "terraform_version": "0.9.8",
    "serial": 8,
    "lineage": "c3493f58-3bf8-4061-887b-a4fa2374841a",
    "modules": [
        {
            "path": [
                "root"
            ],
            "outputs": {
                "secret": {
                    "sensitive": false,
                    "type": "string",
                    "value": "wcFMA+M61BfB8vbVARAASOXfsuzJFL72bjcEkfm55oFiow8+aBkWugDVNHw1o9HNrVtLND+YngHkINEqxlQmFq4B7XKOXK8H3rr97R4TtduDc7ORbDwWo0NqdNTJaYvcOeCyjv1dx0qBWfnBglEQzlvaHuXsAHXNHB3A1MA8ZLX5IbxR1Fr3GMsgw5nfzye7hB4upXWlxcE+K0u5i8InUxrQyy5Y/11rwdNTstDPkLqP+nao9upWEY7kmWslyzqgZ6euntMdTJvm5ByhPHIr8vWadeCABbTWlJBdYTrMVjLwkcLiko2tfWnrfD8U/4ia6BjXfT0fgD/H+hUfhb8wwu9VFQBcC/F44oLbzluXNWSTCtawvXPCbCiEowv2oXEIPyaun5+KFZBux/Kl56nxfyvg8v26768acUdMRJud9N+Q1bHsr5femBP1Q+rdEbJnEIso67FSwy/zlStO+uisQ5PBm3qo9gJbJoMVTYf4xisHoXkBCzLpVzObXonL9hJj8Fq9GsdgPvYeiGIv7AmyKJyjxq+7U1ip6hZGYh883ZsMhiBXnFwjzy33LN9pgOC0mwb6bHs677cZ7K4Yi61PqsvMvJPVi6dNIvXrKXyBxdI3sg7T391wMaSPas29cbXHuMv1RqM0iwZ78+SyOwiSHbToguN/YTdbDzamp+E1TFUBnTtX5/cCmBXn4vfl2ZnS4AHkC390RYGvkU3pjAUIF072ieE77ODx4DzhgevgW+Ka2Zgk4CTlNOszxtaVjOvCe0hS7N2z6/mryMo2Cxft6uB56SPFV2LgFOMd0dOEEdmrieAD5OKuRSclGGRGy3jI7K/gmhLicXSZwOHVsgA="
                }
            },
            "resources": {
                "aws_iam_access_key.locali": {
                    "type": "aws_iam_access_key",
                    "depends_on": [
                        "aws_iam_user.locali"
                    ],
                    "primary": {
                        "id": "AKIAIFNE57M2OLEETYGQ",
                        "attributes": {
                            "encrypted_secret": "wcFMA+M61BfB8vbVARAASOXfsuzJFL72bjcEkfm55oFiow8+aBkWugDVNHw1o9HNrVtLND+YngHkINEqxlQmFq4B7XKOXK8H3rr97R4TtduDc7ORbDwWo0NqdNTJaYvcOeCyjv1dx0qBWfnBglEQzlvaHuXsAHXNHB3A1MA8ZLX5IbxR1Fr3GMsgw5nfzye7hB4upXWlxcE+K0u5i8InUxrQyy5Y/11rwdNTstDPkLqP+nao9upWEY7kmWslyzqgZ6euntMdTJvm5ByhPHIr8vWadeCABbTWlJBdYTrMVjLwkcLiko2tfWnrfD8U/4ia6BjXfT0fgD/H+hUfhb8wwu9VFQBcC/F44oLbzluXNWSTCtawvXPCbCiEowv2oXEIPyaun5+KFZBux/Kl56nxfyvg8v26768acUdMRJud9N+Q1bHsr5femBP1Q+rdEbJnEIso67FSwy/zlStO+uisQ5PBm3qo9gJbJoMVTYf4xisHoXkBCzLpVzObXonL9hJj8Fq9GsdgPvYeiGIv7AmyKJyjxq+7U1ip6hZGYh883ZsMhiBXnFwjzy33LN9pgOC0mwb6bHs677cZ7K4Yi61PqsvMvJPVi6dNIvXrKXyBxdI3sg7T391wMaSPas29cbXHuMv1RqM0iwZ78+SyOwiSHbToguN/YTdbDzamp+E1TFUBnTtX5/cCmBXn4vfl2ZnS4AHkC390RYGvkU3pjAUIF072ieE77ODx4DzhgevgW+Ka2Zgk4CTlNOszxtaVjOvCe0hS7N2z6/mryMo2Cxft6uB56SPFV2LgFOMd0dOEEdmrieAD5OKuRSclGGRGy3jI7K/gmhLicXSZwOHVsgA=",
                            "id": "AKIAIFNE57M2OLEETYGQ",
                            "key_fingerprint": "cdb02ede556746b1c82a0f03d9b5c522ecf6e59a",
                            "pgp_key": "keybase:puhrez",
                            "ses_smtp_password": "AogOJ1FZRLb1SbkvromcbAOqXPq7Ztz+/NJd/VecSSbx",
                            "status": "Active",
                            "user": "locali"
                        },
                        "meta": {},
                        "tainted": false
                    },
                    "deposed": [],
                    "provider": ""
                },
                "aws_iam_user.locali": {
                    "type": "aws_iam_user",
                    "depends_on": [],
                    "primary": {
                        "id": "locali",
                        "attributes": {
                            "arn": "arn:aws:iam::106924016353:user/locali",
                            "force_destroy": "false",
                            "id": "locali",
                            "name": "locali",
                            "path": "/",
                            "unique_id": "AIDAIGV7CY735LVZUXZPO"
                        },
                        "meta": {},
                        "tainted": false
                    },
                    "deposed": [],
                    "provider": ""
                },
                "aws_iam_user_policy.locali": {
                    "type": "aws_iam_user_policy",
                    "depends_on": [
                        "aws_iam_user.locali"
                    ],
                    "primary": {
                        "id": "locali:locali-s3-policy",
                        "attributes": {
                            "id": "locali:locali-s3-policy",
                            "name": "locali-s3-policy",
                            "policy": "{\n    \"Version\": \"2012-10-17\",\n    \"Statement\": [\n        {\n            \"Sid\": \"Stmt1501628716000\",\n            \"Effect\": \"Allow\",\n            \"Action\": [\n                \"s3:DeleteObject\",\n                \"s3:GetObject\",\n                \"s3:PutObject\",\n                \"s3:PutObjectAcl\",\n                \"s3:PutObjectTagging\",\n                \"s3:PutObjectVersionAcl\",\n                \"s3:PutObjectVersionTagging\"\n            ],\n            \"Resource\": [\n                \"arn:aws:s3:::locali-resources-dev\"\n            ]\n        }\n    ]\n}\n",
                            "user": "locali"
                        },
                        "meta": {},
                        "tainted": false
                    },
                    "deposed": [],
                    "provider": ""
                },
                "aws_s3_bucket.locali-resources": {
                    "type": "aws_s3_bucket",
                    "depends_on": [],
                    "primary": {
                        "id": "locali-resources-dev",
                        "attributes": {
                            "acceleration_status": "",
                            "acl": "public-read",
                            "arn": "arn:aws:s3:::locali-resources-dev",
                            "bucket": "locali-resources-dev",
                            "bucket_domain_name": "locali-resources-dev.s3.amazonaws.com",
                            "force_destroy": "false",
                            "hosted_zone_id": "Z3AQBSTGFYJSTF",
                            "id": "locali-resources-dev",
                            "logging.#": "0",
                            "region": "us-east-1",
                            "request_payer": "BucketOwner",
                            "tags.%": "0",
                            "versioning.#": "1",
                            "versioning.0.enabled": "false",
                            "versioning.0.mfa_delete": "false",
                            "website.#": "0"
                        },
                        "meta": {},
                        "tainted": false
                    },
                    "deposed": [],
                    "provider": ""
                }
            },
            "depends_on": []
        }
    ]
}
